# THIS IS AN AUTOGENERATED FILE. DO NOT EDIT THIS FILE DIRECTLY.
# yarn lockfile v1


nodemailer@^7.0.10:
  version "7.0.10"
  resolved "https://registry.yarnpkg.com/nodemailer/-/nodemailer-7.0.10.tgz#540062dbbe574220b42e79d2d949956d3eac5a46"
  integrity sha512-Us/Se1WtT0ylXgNFfyFSx4LElllVLJXQjWi2Xz17xWw7amDKO2MLtFnVp1WACy7GkVGs+oBlRopVNUzlrGSw1w==
